
Microsoft Visual Studio Solution File, Format Version 12.00
# Visual Studio Version 17
VisualStudioVersion = 17.9.34902.65
MinimumVisualStudioVersion = 10.0.40219.1
Project("{FAE04EC0-301F-11D3-BF4B-00C04F79EFBC}") = "MyFirstProgram", "MyFirstProgram\MyFirstProgram.csproj", "{14242A2D-E631-4E57-AD3F-B2954C7A0806}"
EndProject
Global
	GlobalSection(SolutionConfigurationPlatforms) = preSolution
		Debug|Any CPU = Debug|Any CPU
		Release|Any CPU = Release|Any CPU
	EndGlobalSection
	GlobalSection(ProjectConfigurationPlatforms) = postSolution
		{14242A2D-E631-4E57-AD3F-B2954C7A0806}.Debug|Any CPU.ActiveCfg = Debug|Any CPU
		{14242A2D-E631-4E57-AD3F-B2954C7A0806}.Debug|Any CPU.Build.0 = Debug|Any CPU
		{14242A2D-E631-4E57-AD3F-B2954C7A0806}.Release|Any CPU.ActiveCfg = Release|Any CPU
		{14242A2D-E631-4E57-AD3F-B2954C7A0806}.Release|Any CPU.Build.0 = Release|Any CPU
	EndGlobalSection
	GlobalSection(SolutionProperties) = preSolution
		HideSolutionNode = FALSE
	EndGlobalSection
	GlobalSection(ExtensibilityGlobals) = postSolution
		SolutionGuid = {4D8877C6-4117-4BFA-B34E-692D27F5B6C1}
	EndGlobalSection
EndGlobal
